{
  "name": "loop-lang",
  "version": "0.1.0",
  "lockfileVersion": 3,
  "requires": true,
  "packages": {
    "": {
      "name": "loop-lang",
      "version": "0.1.0",
      "license": "Apache-2.0",
      "workspaces": [
        "packages/parser",
        "packages/stdlib",
        "packages/export-archon",
        "packages/generate",
        "packages/viz",
        "packages/runtime",
        "packages/vscode",
        "packages/studio"
      ],
      "devDependencies": {
        "@types/node": "20.14.0",
        "typescript": "5.5.4"
      },
      "engines": {
        "node": ">=18"
      }
    },
    "node_modules/@loop/export-archon": {
      "resolved": "packages/export-archon",
      "link": true
    },
    "node_modules/@loop/generate": {
      "resolved": "packages/generate",
      "link": true
    },
    "node_modules/@loop/parser": {
      "resolved": "packages/parser",
      "link": true
    },
    "node_modules/@loop/runtime": {
      "resolved": "packages/runtime",
      "link": true
    },
    "node_modules/@loop/stdlib": {
      "resolved": "packages/stdlib",
      "link": true
    },
    "node_modules/@loop/studio": {
      "resolved": "packages/studio",
      "link": true
    },
    "node_modules/@loop/viz": {
      "resolved": "packages/viz",
      "link": true
    },
    "node_modules/@types/node": {
      "version": "20.14.0",
      "resolved": "https://registry.npmjs.org/@types/node/-/node-20.14.0.tgz",
      "integrity": "sha512-5cHBxFGJx6L4s56Bubp4fglrEpmyJypsqI6RgzMfBHWUJQGWAAi8cWcgetEbZXHYXo9C2Fa4EEds/uSyS4cxmA==",
      "dev": true,
      "license": "MIT",
      "dependencies": {
        "undici-types": "~5.26.4"
      }
    },
    "node_modules/@types/vscode": {
      "version": "1.85.0",
      "resolved": "https://registry.npmjs.org/@types/vscode/-/vscode-1.85.0.tgz",
      "integrity": "sha512-CF/RBon/GXwdfmnjZj0WTUMZN5H6YITOfBCP4iEZlOtVQXuzw6t7Le7+cR+7JzdMrnlm7Mfp49Oj2TuSXIWo3g==",
      "dev": true,
      "license": "MIT"
    },
    "node_modules/loop-vscode": {
      "resolved": "packages/vscode",
      "link": true
    },
    "node_modules/typescript": {
      "version": "5.5.4",
      "resolved": "https://registry.npmjs.org/typescript/-/typescript-5.5.4.tgz",
      "integrity": "sha512-Mtq29sKDAEYP7aljRgtPOpTvOfbwRWlS6dPRzwjdE+C0R4brX/GUyhHSecbHMFLNBLcJIPt9nl9yG5TZ1weH+Q==",
      "dev": true,
      "license": "Apache-2.0",
      "bin": {
        "tsc": "bin/tsc",
        "tsserver": "bin/tsserver"
      },
      "engines": {
        "node": ">=14.17"
      }
    },
    "node_modules/undici-types": {
      "version": "5.26.5",
      "resolved": "https://registry.npmjs.org/undici-types/-/undici-types-5.26.5.tgz",
      "integrity": "sha512-JlCMO+ehdEIKqlFxk6IfVoAUVmgz7cU7zD/h9XZ0qzeosSHmUJVOzSQvvYSYWXkFXC+IfLKSIffhv0sVZup6pA==",
      "dev": true,
      "license": "MIT"
    },
    "node_modules/yaml": {
      "version": "2.4.5",
      "resolved": "https://registry.npmjs.org/yaml/-/yaml-2.4.5.tgz",
      "integrity": "sha512-aBx2bnqDzVOyNKfsysjA2ms5ZlnjSAW2eG3/L5G/CSujfjLJTJsEw1bGw8kCf04KodQWk1pxlGnZ56CRxiawmg==",
      "dev": true,
      "license": "ISC",
      "bin": {
        "yaml": "bin.mjs"
      },
      "engines": {
        "node": ">= 14"
      }
    },
    "packages/export-archon": {
      "name": "@loop/export-archon",
      "version": "0.1.0",
      "license": "Apache-2.0",
      "dependencies": {
        "@loop/parser": "0.1.0"
      },
      "devDependencies": {
        "yaml": "2.4.5"
      }
    },
    "packages/generate": {
      "name": "@loop/generate",
      "version": "0.1.0",
      "license": "Apache-2.0",
      "dependencies": {
        "@loop/parser": "0.1.0"
      }
    },
    "packages/parser": {
      "name": "@loop/parser",
      "version": "0.1.0",
      "license": "Apache-2.0"
    },
    "packages/runtime": {
      "name": "@loop/runtime",
      "version": "0.1.0",
      "license": "Apache-2.0",
      "dependencies": {
        "@loop/export-archon": "0.1.0",
        "@loop/generate": "0.1.0",
        "@loop/parser": "0.1.0",
        "@loop/stdlib": "0.1.0",
        "@loop/viz": "0.1.0"
      },
      "bin": {
        "loop": "dist/cli.js"
      }
    },
    "packages/stdlib": {
      "name": "@loop/stdlib",
      "version": "0.1.0",
      "license": "Apache-2.0"
    },
    "packages/studio": {
      "name": "@loop/studio",
      "version": "0.1.0",
      "license": "Apache-2.0",
      "dependencies": {
        "@loop/generate": "0.1.0",
        "@loop/parser": "0.1.0",
        "@loop/runtime": "0.1.0",
        "@loop/viz": "0.1.0"
      },
      "bin": {
        "loop-studio": "dist/cli.js"
      }
    },
    "packages/viz": {
      "name": "@loop/viz",
      "version": "0.1.0",
      "license": "Apache-2.0",
      "dependencies": {
        "@loop/parser": "0.1.0"
      }
    },
    "packages/vscode": {
      "name": "loop-vscode",
      "version": "0.1.0",
      "license": "Apache-2.0",
      "devDependencies": {
        "@types/vscode": "1.85.0"
      },
      "engines": {
        "vscode": "^1.85.0"
      }
    }
  }
}
